
Microsoft Visual Studio Solution File, Format Version 12.00
# Visual Studio 15
Project("{FAE04EC0-301F-11D3-BF4B-00C04F79EFBC}") = "Assembly-CSharp", "Assembly-CSharp.csproj", "{2EE7CE9B-7A5A-F74A-13AC-1CC60C4017F4}"
EndProject
Project("{FAE04EC0-301F-11D3-BF4B-00C04F79EFBC}") = "Unity.Physics.Custom", "Unity.Physics.Custom.csproj", "{36A0D832-1D46-2193-CE28-484703A48E4C}"
EndProject
Project("{FAE04EC0-301F-11D3-BF4B-00C04F79EFBC}") = "Unity.Physics.Custom.Editor", "Unity.Physics.Custom.Editor.csproj", "{0F44A6D5-8B2F-9231-1E29-08C1912D9F00}"
EndProject
Global
	GlobalSection(SolutionConfigurationPlatforms) = preSolution
		Debug|Any CPU = Debug|Any CPU
		Release|Any CPU = Release|Any CPU
	EndGlobalSection
	GlobalSection(ProjectConfigurationPlatforms) = postSolution
		{2EE7CE9B-7A5A-F74A-13AC-1CC60C4017F4}.Debug|Any CPU.ActiveCfg = Debug|Any CPU
		{2EE7CE9B-7A5A-F74A-13AC-1CC60C4017F4}.Debug|Any CPU.Build.0 = Debug|Any CPU
		{2EE7CE9B-7A5A-F74A-13AC-1CC60C4017F4}.Release|Any CPU.ActiveCfg = Release|Any CPU
		{2EE7CE9B-7A5A-F74A-13AC-1CC60C4017F4}.Release|Any CPU.Build.0 = Release|Any CPU
		{36A0D832-1D46-2193-CE28-484703A48E4C}.Debug|Any CPU.ActiveCfg = Debug|Any CPU
		{36A0D832-1D46-2193-CE28-484703A48E4C}.Debug|Any CPU.Build.0 = Debug|Any CPU
		{36A0D832-1D46-2193-CE28-484703A48E4C}.Release|Any CPU.ActiveCfg = Release|Any CPU
		{36A0D832-1D46-2193-CE28-484703A48E4C}.Release|Any CPU.Build.0 = Release|Any CPU
		{0F44A6D5-8B2F-9231-1E29-08C1912D9F00}.Debug|Any CPU.ActiveCfg = Debug|Any CPU
		{0F44A6D5-8B2F-9231-1E29-08C1912D9F00}.Debug|Any CPU.Build.0 = Debug|Any CPU
		{0F44A6D5-8B2F-9231-1E29-08C1912D9F00}.Release|Any CPU.ActiveCfg = Release|Any CPU
		{0F44A6D5-8B2F-9231-1E29-08C1912D9F00}.Release|Any CPU.Build.0 = Release|Any CPU
	EndGlobalSection
	GlobalSection(SolutionProperties) = preSolution
		HideSolutionNode = FALSE
	EndGlobalSection
EndGlobal
